Microsoft Visual Studio Solution File, Format Version 8.00
Project("{8BC9CEB8-8B4A-11D0-8D11-00A0C91BC942}") = "arppcap", "arppcap.vcproj", "{DCABBB9E-8D74-4912-9D53-AC9335B9AF1D}"
	ProjectSection(ProjectDependencies) = postProject
	EndProjectSection
EndProject
Global
	GlobalSection(SolutionConfiguration) = preSolution
		Debug = Debug
		Release = Release
	EndGlobalSection
	GlobalSection(ProjectConfiguration) = postSolution
		{DCABBB9E-8D74-4912-9D53-AC9335B9AF1D}.Debug.ActiveCfg = Debug|Win32
		{DCABBB9E-8D74-4912-9D53-AC9335B9AF1D}.Debug.Build.0 = Debug|Win32
		{DCABBB9E-8D74-4912-9D53-AC9335B9AF1D}.Release.ActiveCfg = Release|Win32
		{DCABBB9E-8D74-4912-9D53-AC9335B9AF1D}.Release.Build.0 = Release|Win32
	EndGlobalSection
	GlobalSection(ExtensibilityGlobals) = postSolution
	EndGlobalSection
	GlobalSection(ExtensibilityAddIns) = postSolution
	EndGlobalSection
EndGlobal
