
Microsoft Visual Studio Solution File, Format Version 9.00
# Visual Studio 2005
Project("{8BC9CEB8-8B4A-11D0-8D11-00A0C91BC942}") = "EHomeLists", "EHomeLists\EHomeLists.vcproj", "{83FD5F79-304D-4363-AE98-6F8ECC63BF36}"
EndProject
Project("{8BC9CEB8-8B4A-11D0-8D11-00A0C91BC942}") = "TimeSelect", "TimeSelect\TimeSelect.vcproj", "{972F2FE5-5E84-47E8-9829-5BF032A8411D}"
EndProject
Project("{8BC9CEB8-8B4A-11D0-8D11-00A0C91BC942}") = "WebInfo", "WebInfo\WebInfo.vcproj", "{7645AF6E-7031-4BAE-9953-11CE2CC6F99F}"
EndProject
Project("{8BC9CEB8-8B4A-11D0-8D11-00A0C91BC942}") = "ScreenLock", "ScreenLock\ScreenLock.vcproj", "{BD35209A-33A6-464A-86B4-5E7178C6E4F7}"
EndProject
Project("{8BC9CEB8-8B4A-11D0-8D11-00A0C91BC942}") = "SkinWnd", "SkinWnd\SkinWnd.vcproj", "{A45BB091-B890-4337-914E-E59ABB9D7BE0}"
EndProject
Project("{8BC9CEB8-8B4A-11D0-8D11-00A0C91BC942}") = "DrawMenu", "DrawMenu\DrawMenu.vcproj", "{5ABF1FBA-B93C-4F7C-B98D-F3EAEAC1B071}"
EndProject
Project("{8BC9CEB8-8B4A-11D0-8D11-00A0C91BC942}") = "TransWnd", "TransWnd\TransWnd.vcproj", "{BBB2FDC5-5383-489F-AAD2-447E038D3BEE}"
EndProject
Project("{8BC9CEB8-8B4A-11D0-8D11-00A0C91BC942}") = "EHomeFloating", "EHomeFloating\EHomeFloating.vcproj", "{6B887B68-9EEE-463C-A888-A4607EDF0F63}"
EndProject
Global
	GlobalSection(SolutionConfigurationPlatforms) = preSolution
		Debug|Win32 = Debug|Win32
		Release|Win32 = Release|Win32
	EndGlobalSection
	GlobalSection(ProjectConfigurationPlatforms) = postSolution
		{83FD5F79-304D-4363-AE98-6F8ECC63BF36}.Debug|Win32.ActiveCfg = Debug|Win32
		{83FD5F79-304D-4363-AE98-6F8ECC63BF36}.Debug|Win32.Build.0 = Debug|Win32
		{83FD5F79-304D-4363-AE98-6F8ECC63BF36}.Release|Win32.ActiveCfg = Release|Win32
		{83FD5F79-304D-4363-AE98-6F8ECC63BF36}.Release|Win32.Build.0 = Release|Win32
		{972F2FE5-5E84-47E8-9829-5BF032A8411D}.Debug|Win32.ActiveCfg = Debug|Win32
		{972F2FE5-5E84-47E8-9829-5BF032A8411D}.Debug|Win32.Build.0 = Debug|Win32
		{972F2FE5-5E84-47E8-9829-5BF032A8411D}.Release|Win32.ActiveCfg = Release|Win32
		{972F2FE5-5E84-47E8-9829-5BF032A8411D}.Release|Win32.Build.0 = Release|Win32
		{7645AF6E-7031-4BAE-9953-11CE2CC6F99F}.Debug|Win32.ActiveCfg = Debug|Win32
		{7645AF6E-7031-4BAE-9953-11CE2CC6F99F}.Debug|Win32.Build.0 = Debug|Win32
		{7645AF6E-7031-4BAE-9953-11CE2CC6F99F}.Release|Win32.ActiveCfg = Release|Win32
		{7645AF6E-7031-4BAE-9953-11CE2CC6F99F}.Release|Win32.Build.0 = Release|Win32
		{BD35209A-33A6-464A-86B4-5E7178C6E4F7}.Debug|Win32.ActiveCfg = Debug|Win32
		{BD35209A-33A6-464A-86B4-5E7178C6E4F7}.Debug|Win32.Build.0 = Debug|Win32
		{BD35209A-33A6-464A-86B4-5E7178C6E4F7}.Release|Win32.ActiveCfg = Release|Win32
		{BD35209A-33A6-464A-86B4-5E7178C6E4F7}.Release|Win32.Build.0 = Release|Win32
		{A45BB091-B890-4337-914E-E59ABB9D7BE0}.Debug|Win32.ActiveCfg = Debug|Win32
		{A45BB091-B890-4337-914E-E59ABB9D7BE0}.Debug|Win32.Build.0 = Debug|Win32
		{A45BB091-B890-4337-914E-E59ABB9D7BE0}.Release|Win32.ActiveCfg = Release|Win32
		{A45BB091-B890-4337-914E-E59ABB9D7BE0}.Release|Win32.Build.0 = Release|Win32
		{5ABF1FBA-B93C-4F7C-B98D-F3EAEAC1B071}.Debug|Win32.ActiveCfg = Debug|Win32
		{5ABF1FBA-B93C-4F7C-B98D-F3EAEAC1B071}.Debug|Win32.Build.0 = Debug|Win32
		{5ABF1FBA-B93C-4F7C-B98D-F3EAEAC1B071}.Release|Win32.ActiveCfg = Release|Win32
		{5ABF1FBA-B93C-4F7C-B98D-F3EAEAC1B071}.Release|Win32.Build.0 = Release|Win32
		{BBB2FDC5-5383-489F-AAD2-447E038D3BEE}.Debug|Win32.ActiveCfg = Debug|Win32
		{BBB2FDC5-5383-489F-AAD2-447E038D3BEE}.Debug|Win32.Build.0 = Debug|Win32
		{BBB2FDC5-5383-489F-AAD2-447E038D3BEE}.Release|Win32.ActiveCfg = Release|Win32
		{BBB2FDC5-5383-489F-AAD2-447E038D3BEE}.Release|Win32.Build.0 = Release|Win32
		{6B887B68-9EEE-463C-A888-A4607EDF0F63}.Debug|Win32.ActiveCfg = Debug|Win32
		{6B887B68-9EEE-463C-A888-A4607EDF0F63}.Debug|Win32.Build.0 = Debug|Win32
		{6B887B68-9EEE-463C-A888-A4607EDF0F63}.Release|Win32.ActiveCfg = Release|Win32
		{6B887B68-9EEE-463C-A888-A4607EDF0F63}.Release|Win32.Build.0 = Release|Win32
	EndGlobalSection
	GlobalSection(SolutionProperties) = preSolution
		HideSolutionNode = FALSE
	EndGlobalSection
EndGlobal
