Microsoft Visual Studio Solution File, Format Version 8.00
Project("{8BC9CEB8-8B4A-11D0-8D11-00A0C91BC942}") = "IISMgr", "IISMgr\IISMgr.vcproj", "{E208DDFF-C55F-4553-AC51-FAB5E7D005FF}"
	ProjectSection(ProjectDependencies) = postProject
	EndProjectSection
EndProject
Global
	GlobalSection(SolutionConfiguration) = preSolution
		Debug = Debug
		Release = Release
	EndGlobalSection
	GlobalSection(ProjectConfiguration) = postSolution
		{E208DDFF-C55F-4553-AC51-FAB5E7D005FF}.Debug.ActiveCfg = Debug|Win32
		{E208DDFF-C55F-4553-AC51-FAB5E7D005FF}.Debug.Build.0 = Debug|Win32
		{E208DDFF-C55F-4553-AC51-FAB5E7D005FF}.Release.ActiveCfg = Release|Win32
		{E208DDFF-C55F-4553-AC51-FAB5E7D005FF}.Release.Build.0 = Release|Win32
	EndGlobalSection
	GlobalSection(ExtensibilityGlobals) = postSolution
	EndGlobalSection
	GlobalSection(ExtensibilityAddIns) = postSolution
	EndGlobalSection
EndGlobal
