Microsoft Visual Studio Solution File, Format Version 8.00
Project("{8BC9CEB8-8B4A-11D0-8D11-00A0C91BC942}") = "TestProxy", "TestProxy\TestProxy.vcproj", "{408981D6-249D-49CA-80F0-70AA70124280}"
	ProjectSection(ProjectDependencies) = postProject
	EndProjectSection
EndProject
Project("{8BC9CEB8-8B4A-11D0-8D11-00A0C91BC942}") = "DetourMon", "DetourMon\DetourMon.vcproj", "{EAAD3679-2993-4A36-8FFA-6D0D697A499A}"
	ProjectSection(ProjectDependencies) = postProject
	EndProjectSection
EndProject
Global
	GlobalSection(SolutionConfiguration) = preSolution
		Debug = Debug
		Release = Release
	EndGlobalSection
	GlobalSection(ProjectConfiguration) = postSolution
		{408981D6-249D-49CA-80F0-70AA70124280}.Debug.ActiveCfg = Debug|Win32
		{408981D6-249D-49CA-80F0-70AA70124280}.Debug.Build.0 = Debug|Win32
		{408981D6-249D-49CA-80F0-70AA70124280}.Release.ActiveCfg = Release|Win32
		{408981D6-249D-49CA-80F0-70AA70124280}.Release.Build.0 = Release|Win32
		{EAAD3679-2993-4A36-8FFA-6D0D697A499A}.Debug.ActiveCfg = Debug|Win32
		{EAAD3679-2993-4A36-8FFA-6D0D697A499A}.Debug.Build.0 = Debug|Win32
		{EAAD3679-2993-4A36-8FFA-6D0D697A499A}.Release.ActiveCfg = Release|Win32
		{EAAD3679-2993-4A36-8FFA-6D0D697A499A}.Release.Build.0 = Release|Win32
	EndGlobalSection
	GlobalSection(ExtensibilityGlobals) = postSolution
	EndGlobalSection
	GlobalSection(ExtensibilityAddIns) = postSolution
	EndGlobalSection
EndGlobal
