
Microsoft Visual Studio Solution File, Format Version 9.00
# Visual Studio 2005
Project("{8BC9CEB8-8B4A-11D0-8D11-00A0C91BC942}") = "udpsock", "udpsock.vcproj", "{BE844D94-5ADE-4057-B045-305F2E0F020D}"
EndProject
Global
	GlobalSection(SolutionConfigurationPlatforms) = preSolution
		Debug|Win32 = Debug|Win32
		Release|Win32 = Release|Win32
	EndGlobalSection
	GlobalSection(ProjectConfigurationPlatforms) = postSolution
		{BE844D94-5ADE-4057-B045-305F2E0F020D}.Debug|Win32.ActiveCfg = Debug|Win32
		{BE844D94-5ADE-4057-B045-305F2E0F020D}.Debug|Win32.Build.0 = Debug|Win32
		{BE844D94-5ADE-4057-B045-305F2E0F020D}.Release|Win32.ActiveCfg = Release|Win32
		{BE844D94-5ADE-4057-B045-305F2E0F020D}.Release|Win32.Build.0 = Release|Win32
	EndGlobalSection
	GlobalSection(SolutionProperties) = preSolution
		HideSolutionNode = FALSE
	EndGlobalSection
EndGlobal
