
Microsoft Visual Studio Solution File, Format Version 9.00
# Visual Studio 2005
Project("{8BC9CEB8-8B4A-11D0-8D11-00A0C91BC942}") = "radix-tree-test", "radix-tree-test\radix-tree-test.vcproj", "{1E0CC566-D54D-41A3-ADCE-735B83F2C6AC}"
EndProject
Project("{8BC9CEB8-8B4A-11D0-8D11-00A0C91BC942}") = "rbtree-test", "rbtree-test\rbtree-test.vcproj", "{45340F94-9B24-4547-848B-F1B7AF802B46}"
EndProject
Project("{8BC9CEB8-8B4A-11D0-8D11-00A0C91BC942}") = "urlhash", "urlhash\urlhash.vcproj", "{49F8C17A-E8DC-4AC2-BBB1-9F7F2F637A1A}"
EndProject
Global
	GlobalSection(SolutionConfigurationPlatforms) = preSolution
		Debug|Win32 = Debug|Win32
		Release|Win32 = Release|Win32
	EndGlobalSection
	GlobalSection(ProjectConfigurationPlatforms) = postSolution
		{1E0CC566-D54D-41A3-ADCE-735B83F2C6AC}.Debug|Win32.ActiveCfg = Debug|Win32
		{1E0CC566-D54D-41A3-ADCE-735B83F2C6AC}.Debug|Win32.Build.0 = Debug|Win32
		{1E0CC566-D54D-41A3-ADCE-735B83F2C6AC}.Release|Win32.ActiveCfg = Release|Win32
		{1E0CC566-D54D-41A3-ADCE-735B83F2C6AC}.Release|Win32.Build.0 = Release|Win32
		{45340F94-9B24-4547-848B-F1B7AF802B46}.Debug|Win32.ActiveCfg = Debug|Win32
		{45340F94-9B24-4547-848B-F1B7AF802B46}.Debug|Win32.Build.0 = Debug|Win32
		{45340F94-9B24-4547-848B-F1B7AF802B46}.Release|Win32.ActiveCfg = Release|Win32
		{45340F94-9B24-4547-848B-F1B7AF802B46}.Release|Win32.Build.0 = Release|Win32
		{49F8C17A-E8DC-4AC2-BBB1-9F7F2F637A1A}.Debug|Win32.ActiveCfg = Debug|Win32
		{49F8C17A-E8DC-4AC2-BBB1-9F7F2F637A1A}.Debug|Win32.Build.0 = Debug|Win32
		{49F8C17A-E8DC-4AC2-BBB1-9F7F2F637A1A}.Release|Win32.ActiveCfg = Release|Win32
		{49F8C17A-E8DC-4AC2-BBB1-9F7F2F637A1A}.Release|Win32.Build.0 = Release|Win32
	EndGlobalSection
	GlobalSection(SolutionProperties) = preSolution
		HideSolutionNode = FALSE
	EndGlobalSection
EndGlobal
